
Microsoft Visual Studio Solution File, Format Version 12.00
# Visual Studio Version 17
VisualStudioVersion = 17.1.32210.238
MinimumVisualStudioVersion = 10.0.40219.1
Project("{FAE04EC0-301F-11D3-BF4B-00C04F79EFBC}") = "SqueegeeLM.Web", "SqueegeeLM.Web\SqueegeeLM.Web.csproj", "{60AF939D-2964-4E4B-8DD4-849C0FA3FBC7}"
EndProject
Project("{FAE04EC0-301F-11D3-BF4B-00C04F79EFBC}") = "SqueegeeLM.Data", "SqueegeeLM.Data\SqueegeeLM.Data.csproj", "{7ED9DB1C-1A52-4D47-AE5C-EA548EAC2559}"
EndProject
Project("{FAE04EC0-301F-11D3-BF4B-00C04F79EFBC}") = "SqueegeeLM.Services", "SqueegeeLM.Services\SqueegeeLM.Services.csproj", "{AFF61AAB-61A3-4D6D-B647-6D455162AFBF}"
EndProject
Global
	GlobalSection(SolutionConfigurationPlatforms) = preSolution
		Debug|Any CPU = Debug|Any CPU
		Release|Any CPU = Release|Any CPU
	EndGlobalSection
	GlobalSection(ProjectConfigurationPlatforms) = postSolution
		{60AF939D-2964-4E4B-8DD4-849C0FA3FBC7}.Debug|Any CPU.ActiveCfg = Debug|Any CPU
		{60AF939D-2964-4E4B-8DD4-849C0FA3FBC7}.Debug|Any CPU.Build.0 = Debug|Any CPU
		{60AF939D-2964-4E4B-8DD4-849C0FA3FBC7}.Release|Any CPU.ActiveCfg = Release|Any CPU
		{60AF939D-2964-4E4B-8DD4-849C0FA3FBC7}.Release|Any CPU.Build.0 = Release|Any CPU
		{7ED9DB1C-1A52-4D47-AE5C-EA548EAC2559}.Debug|Any CPU.ActiveCfg = Debug|Any CPU
		{7ED9DB1C-1A52-4D47-AE5C-EA548EAC2559}.Debug|Any CPU.Build.0 = Debug|Any CPU
		{7ED9DB1C-1A52-4D47-AE5C-EA548EAC2559}.Release|Any CPU.ActiveCfg = Release|Any CPU
		{7ED9DB1C-1A52-4D47-AE5C-EA548EAC2559}.Release|Any CPU.Build.0 = Release|Any CPU
		{AFF61AAB-61A3-4D6D-B647-6D455162AFBF}.Debug|Any CPU.ActiveCfg = Debug|Any CPU
		{AFF61AAB-61A3-4D6D-B647-6D455162AFBF}.Debug|Any CPU.Build.0 = Debug|Any CPU
		{AFF61AAB-61A3-4D6D-B647-6D455162AFBF}.Release|Any CPU.ActiveCfg = Release|Any CPU
		{AFF61AAB-61A3-4D6D-B647-6D455162AFBF}.Release|Any CPU.Build.0 = Release|Any CPU
	EndGlobalSection
	GlobalSection(SolutionProperties) = preSolution
		HideSolutionNode = FALSE
	EndGlobalSection
	GlobalSection(ExtensibilityGlobals) = postSolution
		SolutionGuid = {08CEE38C-5B03-40FC-A32A-7A92F500674E}
	EndGlobalSection
EndGlobal
